
Microsoft Visual Studio Solution File, Format Version 12.00
# Visual Studio Version 17
VisualStudioVersion = 17.1.32421.90
MinimumVisualStudioVersion = 10.0.40219.1
Project("{2150E333-8FDC-42A3-9474-1A3956D46DE8}") = "Solution Items", "Solution Items", "{97A3D981-DA64-4344-B8E9-3604F086051C}"
	ProjectSection(SolutionItems) = preProject
		.editorconfig = .editorconfig
		Lib\Directory.Build.props = Lib\Directory.Build.props
		..\README.md = ..\README.md
	EndProjectSection
EndProject
Project("{9A19103F-16F7-4668-BE54-9A1E7A4F7556}") = "Morris.Blazor.ControlFlow", "Lib\Morris.Blazor.ControlFlow\Morris.Blazor.ControlFlow.csproj", "{5B499DA3-0DB1-48A5-B8E5-3E0B04F53EB7}"
EndProject
Project("{2150E333-8FDC-42A3-9474-1A3956D46DE8}") = "Tutorials", "Tutorials", "{77B146CD-F531-47CE-A163-2CB4136B2BA9}"
EndProject
Project("{9A19103F-16F7-4668-BE54-9A1E7A4F7556}") = "ForEachExample", "Tutorials\ForEachExample\ForEachExample.csproj", "{E438D699-B285-4F8A-8087-095765599DFA}"
EndProject
Project("{9A19103F-16F7-4668-BE54-9A1E7A4F7556}") = "IfThenElseSample", "Tutorials\IfThenElseSample\IfThenElseSample.csproj", "{06B9F71D-5203-4CDD-90A5-627BACFADA75}"
EndProject
Project("{2150E333-8FDC-42A3-9474-1A3956D46DE8}") = "Docs", "Docs", "{CE4D64CF-C516-4E76-8D3B-8F45E795F4D2}"
	ProjectSection(SolutionItems) = preProject
		..\Docs\Releases.md = ..\Docs\Releases.md
	EndProjectSection
EndProject
Project("{2150E333-8FDC-42A3-9474-1A3956D46DE8}") = "Lib", "Lib", "{33158399-9AA3-49EE-988C-10FCA83F5B85}"
	ProjectSection(SolutionItems) = preProject
		Lib\Directory.Build.props = Lib\Directory.Build.props
	EndProjectSection
EndProject
Global
	GlobalSection(SolutionConfigurationPlatforms) = preSolution
		Debug|Any CPU = Debug|Any CPU
		Release|Any CPU = Release|Any CPU
	EndGlobalSection
	GlobalSection(ProjectConfigurationPlatforms) = postSolution
		{5B499DA3-0DB1-48A5-B8E5-3E0B04F53EB7}.Debug|Any CPU.ActiveCfg = Debug|Any CPU
		{5B499DA3-0DB1-48A5-B8E5-3E0B04F53EB7}.Debug|Any CPU.Build.0 = Debug|Any CPU
		{5B499DA3-0DB1-48A5-B8E5-3E0B04F53EB7}.Release|Any CPU.ActiveCfg = Release|Any CPU
		{5B499DA3-0DB1-48A5-B8E5-3E0B04F53EB7}.Release|Any CPU.Build.0 = Release|Any CPU
		{E438D699-B285-4F8A-8087-095765599DFA}.Debug|Any CPU.ActiveCfg = Debug|Any CPU
		{E438D699-B285-4F8A-8087-095765599DFA}.Debug|Any CPU.Build.0 = Debug|Any CPU
		{E438D699-B285-4F8A-8087-095765599DFA}.Release|Any CPU.ActiveCfg = Release|Any CPU
		{E438D699-B285-4F8A-8087-095765599DFA}.Release|Any CPU.Build.0 = Release|Any CPU
		{06B9F71D-5203-4CDD-90A5-627BACFADA75}.Debug|Any CPU.ActiveCfg = Debug|Any CPU
		{06B9F71D-5203-4CDD-90A5-627BACFADA75}.Debug|Any CPU.Build.0 = Debug|Any CPU
		{06B9F71D-5203-4CDD-90A5-627BACFADA75}.Release|Any CPU.ActiveCfg = Release|Any CPU
		{06B9F71D-5203-4CDD-90A5-627BACFADA75}.Release|Any CPU.Build.0 = Release|Any CPU
	EndGlobalSection
	GlobalSection(SolutionProperties) = preSolution
		HideSolutionNode = FALSE
	EndGlobalSection
	GlobalSection(NestedProjects) = preSolution
		{5B499DA3-0DB1-48A5-B8E5-3E0B04F53EB7} = {33158399-9AA3-49EE-988C-10FCA83F5B85}
		{E438D699-B285-4F8A-8087-095765599DFA} = {77B146CD-F531-47CE-A163-2CB4136B2BA9}
		{06B9F71D-5203-4CDD-90A5-627BACFADA75} = {77B146CD-F531-47CE-A163-2CB4136B2BA9}
	EndGlobalSection
	GlobalSection(ExtensibilityGlobals) = postSolution
		SolutionGuid = {39199488-19DD-45E4-A240-2CB564E8CDBF}
	EndGlobalSection
EndGlobal
